
Microsoft Visual Studio Solution File, Format Version 12.00
# Visual Studio Version 17
VisualStudioVersion = 17.9.34728.123
MinimumVisualStudioVersion = 10.0.40219.1
Project("{FAE04EC0-301F-11D3-BF4B-00C04F79EFBC}") = "Lab10WON7", "Lab10WON7\Lab10WON7.csproj", "{BF9816DA-13CD-4F06-A639-184CF904B248}"
EndProject
Global
	GlobalSection(SolutionConfigurationPlatforms) = preSolution
		Debug|Any CPU = Debug|Any CPU
		Release|Any CPU = Release|Any CPU
	EndGlobalSection
	GlobalSection(ProjectConfigurationPlatforms) = postSolution
		{BF9816DA-13CD-4F06-A639-184CF904B248}.Debug|Any CPU.ActiveCfg = Debug|Any CPU
		{BF9816DA-13CD-4F06-A639-184CF904B248}.Debug|Any CPU.Build.0 = Debug|Any CPU
		{BF9816DA-13CD-4F06-A639-184CF904B248}.Release|Any CPU.ActiveCfg = Release|Any CPU
		{BF9816DA-13CD-4F06-A639-184CF904B248}.Release|Any CPU.Build.0 = Release|Any CPU
	EndGlobalSection
	GlobalSection(SolutionProperties) = preSolution
		HideSolutionNode = FALSE
	EndGlobalSection
	GlobalSection(ExtensibilityGlobals) = postSolution
		SolutionGuid = {ACC2690F-58CF-49C1-91D5-C1914F519A19}
	EndGlobalSection
EndGlobal
